[[package]]
name = "pycairo"
version = "1.21.0"
description = "Python interface for cairo"
category = "main"
optional = false
python-versions = ">=3.7"

[[package]]
name = "pygobject"
version = "3.42.2"
description = "Python bindings for GObject Introspection"
category = "main"
optional = false
python-versions = ">=3.6, <4"

[package.dependencies]
pycairo = ">=1.16,<2.0"

[[package]]
name = "websockets"
version = "10.3"
description = "An implementation of the WebSocket Protocol (RFC 6455 & 7692)"
category = "main"
optional = false
python-versions = ">=3.7"

[metadata]
lock-version = "1.1"
python-versions = "^3.10"
content-hash = "002c22592b9a707201fb774746584ad2087c81c757ae97d27ea2007bddaca6b6"

[metadata.files]
pycairo = []
pygobject = []
websockets = []
